
Microsoft Visual Studio Solution File, Format Version 12.00
# Visual Studio Version 17
VisualStudioVersion = 17.3.32825.248
MinimumVisualStudioVersion = 10.0.40219.1
Project("{FAE04EC0-301F-11D3-BF4B-00C04F79EFBC}") = "ShortStatSum", "ShortStatSum\ShortStatSum.csproj", "{0CC520B3-3348-4385-A418-7FBEE81079F3}"
EndProject
Project("{FAE04EC0-301F-11D3-BF4B-00C04F79EFBC}") = "ShortStatSum.Tests", "ShortStatSum.Tests\ShortStatSum.Tests.csproj", "{1EC915D3-B3FB-468B-AA75-D8CA514DD8B4}"
EndProject
Global
	GlobalSection(SolutionConfigurationPlatforms) = preSolution
		Debug|Any CPU = Debug|Any CPU
		Release|Any CPU = Release|Any CPU
	EndGlobalSection
	GlobalSection(ProjectConfigurationPlatforms) = postSolution
		{0CC520B3-3348-4385-A418-7FBEE81079F3}.Debug|Any CPU.ActiveCfg = Debug|Any CPU
		{0CC520B3-3348-4385-A418-7FBEE81079F3}.Debug|Any CPU.Build.0 = Debug|Any CPU
		{0CC520B3-3348-4385-A418-7FBEE81079F3}.Release|Any CPU.ActiveCfg = Release|Any CPU
		{0CC520B3-3348-4385-A418-7FBEE81079F3}.Release|Any CPU.Build.0 = Release|Any CPU
		{1EC915D3-B3FB-468B-AA75-D8CA514DD8B4}.Debug|Any CPU.ActiveCfg = Debug|Any CPU
		{1EC915D3-B3FB-468B-AA75-D8CA514DD8B4}.Debug|Any CPU.Build.0 = Debug|Any CPU
		{1EC915D3-B3FB-468B-AA75-D8CA514DD8B4}.Release|Any CPU.ActiveCfg = Release|Any CPU
		{1EC915D3-B3FB-468B-AA75-D8CA514DD8B4}.Release|Any CPU.Build.0 = Release|Any CPU
	EndGlobalSection
	GlobalSection(SolutionProperties) = preSolution
		HideSolutionNode = FALSE
	EndGlobalSection
	GlobalSection(ExtensibilityGlobals) = postSolution
		SolutionGuid = {AB0ACBAD-2204-4F7C-858C-2BF8999B1219}
	EndGlobalSection
EndGlobal
